
Microsoft Visual Studio Solution File, Format Version 12.00
# Visual Studio Version 17
VisualStudioVersion = 17.0.31912.275
MinimumVisualStudioVersion = 10.0.40219.1
Project("{2150E333-8FDC-42A3-9474-1A3956D46DE8}") = "src", "src", "{79172526-C157-4C78-99B9-AFDF5ACAC1E3}"
EndProject
Project("{2150E333-8FDC-42A3-9474-1A3956D46DE8}") = "Api", "Api", "{F37B5C19-61F9-4A78-B912-668BAF037000}"
EndProject
Project("{2150E333-8FDC-42A3-9474-1A3956D46DE8}") = "Clients", "Clients", "{1EDFE4B0-4F49-41BA-924C-284116545B87}"
EndProject
Project("{2150E333-8FDC-42A3-9474-1A3956D46DE8}") = "Common", "Common", "{68B1547F-6BDE-416A-9E0C-4E228516A246}"
EndProject
Project("{2150E333-8FDC-42A3-9474-1A3956D46DE8}") = "Projections", "Projections", "{F833DCF4-5BDD-41C0-A310-490D44B7B708}"
EndProject
Project("{2150E333-8FDC-42A3-9474-1A3956D46DE8}") = "Core", "Core", "{2C77C858-B0C9-4882-851E-AFC79B721AD1}"
EndProject
Project("{2150E333-8FDC-42A3-9474-1A3956D46DE8}") = "Infrastructure", "Infrastructure", "{2D3D92ED-EF49-4A01-AFA8-AEC8E1B17A71}"
EndProject
Project("{2150E333-8FDC-42A3-9474-1A3956D46DE8}") = "WebApi", "WebApi", "{50FF3DD2-7AE3-415C-8A15-BCE5C169D762}"
EndProject
Project("{2150E333-8FDC-42A3-9474-1A3956D46DE8}") = "BlazorWeb", "BlazorWeb", "{4F71EDFA-5CD0-4C7A-930A-341A854638C4}"
EndProject
Project("{FAE04EC0-301F-11D3-BF4B-00C04F79EFBC}") = "CarForum.Common", "Common\CarForum.Common\CarForum.Common.csproj", "{5B8F42C2-CE2A-4E85-9FFB-47A3BEE53932}"
EndProject
Project("{FAE04EC0-301F-11D3-BF4B-00C04F79EFBC}") = "CarForum.Api.Domain", "Api\Core\CarForum.Api.Domain\CarForum.Api.Domain.csproj", "{24BBA6E3-EED5-4075-AD0B-B900E97752D3}"
EndProject
Project("{FAE04EC0-301F-11D3-BF4B-00C04F79EFBC}") = "CarForum.Api.Application", "Api\Core\CarForum.Api.Application\CarForum.Api.Application.csproj", "{0680698E-EAD7-4D99-BD7E-69241322923A}"
EndProject
Project("{FAE04EC0-301F-11D3-BF4B-00C04F79EFBC}") = "CarForum.Infrastructure.Persistence", "Api\Infrastructure\CarForum.Infrastructure.Persistence\CarForum.Infrastructure.Persistence.csproj", "{5D156957-8CC4-409C-BD87-3A59911CF905}"
EndProject
Project("{FAE04EC0-301F-11D3-BF4B-00C04F79EFBC}") = "CarForum.Api.WebApi", "Api\WebApi\CarForum.Api.WebApi\CarForum.Api.WebApi.csproj", "{5B5A6EEE-C3EE-4F9C-B522-8694F5B49259}"
EndProject
Project("{FAE04EC0-301F-11D3-BF4B-00C04F79EFBC}") = "CarForum.Projections.FavoriteService", "Projections\CarForum.Projections.FavoriteService\CarForum.Projections.FavoriteService.csproj", "{A004FB7B-35EC-4077-A22F-62A4F9220E49}"
EndProject
Project("{FAE04EC0-301F-11D3-BF4B-00C04F79EFBC}") = "CarForum.Projections.UserService", "Projections\CarForum.Projections.UserService\CarForum.Projections.UserService.csproj", "{A62D2244-DC42-4F6F-9544-B6D449104ADE}"
EndProject
Project("{FAE04EC0-301F-11D3-BF4B-00C04F79EFBC}") = "CarForum.Projections.VoteService", "Projections\CarForum.Projections.VoteService\CarForum.Projections.VoteService.csproj", "{464DAEDA-B84E-4518-AB7B-4FF6B389F90A}"
EndProject
Project("{FAE04EC0-301F-11D3-BF4B-00C04F79EFBC}") = "CarForum.WebApp", "Clients\BlazorWeb\CarForum.WebApp\CarForum.WebApp.csproj", "{2FA63DAD-A803-4FC5-B85A-6D980F0324BE}"
EndProject
Global
	GlobalSection(SolutionConfigurationPlatforms) = preSolution
		Debug|Any CPU = Debug|Any CPU
		Release|Any CPU = Release|Any CPU
	EndGlobalSection
	GlobalSection(ProjectConfigurationPlatforms) = postSolution
		{5B8F42C2-CE2A-4E85-9FFB-47A3BEE53932}.Debug|Any CPU.ActiveCfg = Debug|Any CPU
		{5B8F42C2-CE2A-4E85-9FFB-47A3BEE53932}.Debug|Any CPU.Build.0 = Debug|Any CPU
		{5B8F42C2-CE2A-4E85-9FFB-47A3BEE53932}.Release|Any CPU.ActiveCfg = Release|Any CPU
		{5B8F42C2-CE2A-4E85-9FFB-47A3BEE53932}.Release|Any CPU.Build.0 = Release|Any CPU
		{24BBA6E3-EED5-4075-AD0B-B900E97752D3}.Debug|Any CPU.ActiveCfg = Debug|Any CPU
		{24BBA6E3-EED5-4075-AD0B-B900E97752D3}.Debug|Any CPU.Build.0 = Debug|Any CPU
		{24BBA6E3-EED5-4075-AD0B-B900E97752D3}.Release|Any CPU.ActiveCfg = Release|Any CPU
		{24BBA6E3-EED5-4075-AD0B-B900E97752D3}.Release|Any CPU.Build.0 = Release|Any CPU
		{0680698E-EAD7-4D99-BD7E-69241322923A}.Debug|Any CPU.ActiveCfg = Debug|Any CPU
		{0680698E-EAD7-4D99-BD7E-69241322923A}.Debug|Any CPU.Build.0 = Debug|Any CPU
		{0680698E-EAD7-4D99-BD7E-69241322923A}.Release|Any CPU.ActiveCfg = Release|Any CPU
		{0680698E-EAD7-4D99-BD7E-69241322923A}.Release|Any CPU.Build.0 = Release|Any CPU
		{5D156957-8CC4-409C-BD87-3A59911CF905}.Debug|Any CPU.ActiveCfg = Debug|Any CPU
		{5D156957-8CC4-409C-BD87-3A59911CF905}.Debug|Any CPU.Build.0 = Debug|Any CPU
		{5D156957-8CC4-409C-BD87-3A59911CF905}.Release|Any CPU.ActiveCfg = Release|Any CPU
		{5D156957-8CC4-409C-BD87-3A59911CF905}.Release|Any CPU.Build.0 = Release|Any CPU
		{5B5A6EEE-C3EE-4F9C-B522-8694F5B49259}.Debug|Any CPU.ActiveCfg = Debug|Any CPU
		{5B5A6EEE-C3EE-4F9C-B522-8694F5B49259}.Debug|Any CPU.Build.0 = Debug|Any CPU
		{5B5A6EEE-C3EE-4F9C-B522-8694F5B49259}.Release|Any CPU.ActiveCfg = Release|Any CPU
		{5B5A6EEE-C3EE-4F9C-B522-8694F5B49259}.Release|Any CPU.Build.0 = Release|Any CPU
		{A004FB7B-35EC-4077-A22F-62A4F9220E49}.Debug|Any CPU.ActiveCfg = Debug|Any CPU
		{A004FB7B-35EC-4077-A22F-62A4F9220E49}.Debug|Any CPU.Build.0 = Debug|Any CPU
		{A004FB7B-35EC-4077-A22F-62A4F9220E49}.Release|Any CPU.ActiveCfg = Release|Any CPU
		{A004FB7B-35EC-4077-A22F-62A4F9220E49}.Release|Any CPU.Build.0 = Release|Any CPU
		{A62D2244-DC42-4F6F-9544-B6D449104ADE}.Debug|Any CPU.ActiveCfg = Debug|Any CPU
		{A62D2244-DC42-4F6F-9544-B6D449104ADE}.Debug|Any CPU.Build.0 = Debug|Any CPU
		{A62D2244-DC42-4F6F-9544-B6D449104ADE}.Release|Any CPU.ActiveCfg = Release|Any CPU
		{A62D2244-DC42-4F6F-9544-B6D449104ADE}.Release|Any CPU.Build.0 = Release|Any CPU
		{464DAEDA-B84E-4518-AB7B-4FF6B389F90A}.Debug|Any CPU.ActiveCfg = Debug|Any CPU
		{464DAEDA-B84E-4518-AB7B-4FF6B389F90A}.Debug|Any CPU.Build.0 = Debug|Any CPU
		{464DAEDA-B84E-4518-AB7B-4FF6B389F90A}.Release|Any CPU.ActiveCfg = Release|Any CPU
		{464DAEDA-B84E-4518-AB7B-4FF6B389F90A}.Release|Any CPU.Build.0 = Release|Any CPU
		{2FA63DAD-A803-4FC5-B85A-6D980F0324BE}.Debug|Any CPU.ActiveCfg = Debug|Any CPU
		{2FA63DAD-A803-4FC5-B85A-6D980F0324BE}.Debug|Any CPU.Build.0 = Debug|Any CPU
		{2FA63DAD-A803-4FC5-B85A-6D980F0324BE}.Release|Any CPU.ActiveCfg = Release|Any CPU
		{2FA63DAD-A803-4FC5-B85A-6D980F0324BE}.Release|Any CPU.Build.0 = Release|Any CPU
	EndGlobalSection
	GlobalSection(SolutionProperties) = preSolution
		HideSolutionNode = FALSE
	EndGlobalSection
	GlobalSection(NestedProjects) = preSolution
		{F37B5C19-61F9-4A78-B912-668BAF037000} = {79172526-C157-4C78-99B9-AFDF5ACAC1E3}
		{1EDFE4B0-4F49-41BA-924C-284116545B87} = {79172526-C157-4C78-99B9-AFDF5ACAC1E3}
		{68B1547F-6BDE-416A-9E0C-4E228516A246} = {79172526-C157-4C78-99B9-AFDF5ACAC1E3}
		{F833DCF4-5BDD-41C0-A310-490D44B7B708} = {79172526-C157-4C78-99B9-AFDF5ACAC1E3}
		{2C77C858-B0C9-4882-851E-AFC79B721AD1} = {F37B5C19-61F9-4A78-B912-668BAF037000}
		{2D3D92ED-EF49-4A01-AFA8-AEC8E1B17A71} = {F37B5C19-61F9-4A78-B912-668BAF037000}
		{50FF3DD2-7AE3-415C-8A15-BCE5C169D762} = {F37B5C19-61F9-4A78-B912-668BAF037000}
		{4F71EDFA-5CD0-4C7A-930A-341A854638C4} = {1EDFE4B0-4F49-41BA-924C-284116545B87}
		{5B8F42C2-CE2A-4E85-9FFB-47A3BEE53932} = {68B1547F-6BDE-416A-9E0C-4E228516A246}
		{24BBA6E3-EED5-4075-AD0B-B900E97752D3} = {2C77C858-B0C9-4882-851E-AFC79B721AD1}
		{0680698E-EAD7-4D99-BD7E-69241322923A} = {2C77C858-B0C9-4882-851E-AFC79B721AD1}
		{5D156957-8CC4-409C-BD87-3A59911CF905} = {2D3D92ED-EF49-4A01-AFA8-AEC8E1B17A71}
		{5B5A6EEE-C3EE-4F9C-B522-8694F5B49259} = {50FF3DD2-7AE3-415C-8A15-BCE5C169D762}
		{A004FB7B-35EC-4077-A22F-62A4F9220E49} = {F833DCF4-5BDD-41C0-A310-490D44B7B708}
		{A62D2244-DC42-4F6F-9544-B6D449104ADE} = {F833DCF4-5BDD-41C0-A310-490D44B7B708}
		{464DAEDA-B84E-4518-AB7B-4FF6B389F90A} = {F833DCF4-5BDD-41C0-A310-490D44B7B708}
		{2FA63DAD-A803-4FC5-B85A-6D980F0324BE} = {4F71EDFA-5CD0-4C7A-930A-341A854638C4}
	EndGlobalSection
	GlobalSection(ExtensibilityGlobals) = postSolution
		SolutionGuid = {39B9AD7C-A2F3-452D-B999-49C944241B10}
	EndGlobalSection
EndGlobal
